
Microsoft Visual Studio Solution File, Format Version 12.00
# Visual Studio Version 17
VisualStudioVersion = 17.6.33723.286
MinimumVisualStudioVersion = 10.0.40219.1
Project("{FAE04EC0-301F-11D3-BF4B-00C04F79EFBC}") = "FK_DzieleniePrzezZero", "FK_DzieleniePrzezZero\FK_DzieleniePrzezZero.csproj", "{12811C5C-75DC-4DD3-943D-A2E47F1372EB}"
EndProject
Global
	GlobalSection(SolutionConfigurationPlatforms) = preSolution
		Debug|Any CPU = Debug|Any CPU
		Release|Any CPU = Release|Any CPU
	EndGlobalSection
	GlobalSection(ProjectConfigurationPlatforms) = postSolution
		{12811C5C-75DC-4DD3-943D-A2E47F1372EB}.Debug|Any CPU.ActiveCfg = Debug|Any CPU
		{12811C5C-75DC-4DD3-943D-A2E47F1372EB}.Debug|Any CPU.Build.0 = Debug|Any CPU
		{12811C5C-75DC-4DD3-943D-A2E47F1372EB}.Release|Any CPU.ActiveCfg = Release|Any CPU
		{12811C5C-75DC-4DD3-943D-A2E47F1372EB}.Release|Any CPU.Build.0 = Release|Any CPU
	EndGlobalSection
	GlobalSection(SolutionProperties) = preSolution
		HideSolutionNode = FALSE
	EndGlobalSection
	GlobalSection(ExtensibilityGlobals) = postSolution
		SolutionGuid = {DBA725B7-E02C-4E43-BD1B-6759392A0EDF}
	EndGlobalSection
EndGlobal
